
Microsoft Visual Studio Solution File, Format Version 12.00
# Visual Studio 15
VisualStudioVersion = 15.0.27906.1
MinimumVisualStudioVersion = 10.0.40219.1
Project("{FAE04EC0-301F-11D3-BF4B-00C04F79EFBC}") = "WarframeSharp", "WarframeSharp\WarframeSharp.csproj", "{F916739B-DF38-4E68-BCC3-08AD04B0D52B}"
EndProject
Global
	GlobalSection(SolutionConfigurationPlatforms) = preSolution
		Debug|Any CPU = Debug|Any CPU
		Release|Any CPU = Release|Any CPU
	EndGlobalSection
	GlobalSection(ProjectConfigurationPlatforms) = postSolution
		{F916739B-DF38-4E68-BCC3-08AD04B0D52B}.Debug|Any CPU.ActiveCfg = Debug|Any CPU
		{F916739B-DF38-4E68-BCC3-08AD04B0D52B}.Debug|Any CPU.Build.0 = Debug|Any CPU
		{F916739B-DF38-4E68-BCC3-08AD04B0D52B}.Release|Any CPU.ActiveCfg = Release|Any CPU
		{F916739B-DF38-4E68-BCC3-08AD04B0D52B}.Release|Any CPU.Build.0 = Release|Any CPU
	EndGlobalSection
	GlobalSection(SolutionProperties) = preSolution
		HideSolutionNode = FALSE
	EndGlobalSection
	GlobalSection(ExtensibilityGlobals) = postSolution
		SolutionGuid = {E5FD0E44-9F5C-4110-A473-F7085AECD767}
	EndGlobalSection
EndGlobal
